
Microsoft Visual Studio Solution File, Format Version 12.00
Project("{FAE04EC0-301F-11D3-BF4B-00C04F79EFBC}") = "CharacterizationTesting", "CharacterizationTesting\CharacterizationTesting.csproj", "{D713555C-DF52-4048-9B35-585829BD0F8A}"
EndProject
Global
	GlobalSection(SolutionConfigurationPlatforms) = preSolution
		Debug|Any CPU = Debug|Any CPU
		Release|Any CPU = Release|Any CPU
	EndGlobalSection
	GlobalSection(ProjectConfigurationPlatforms) = postSolution
		{D713555C-DF52-4048-9B35-585829BD0F8A}.Debug|Any CPU.ActiveCfg = Debug|Any CPU
		{D713555C-DF52-4048-9B35-585829BD0F8A}.Debug|Any CPU.Build.0 = Debug|Any CPU
		{D713555C-DF52-4048-9B35-585829BD0F8A}.Release|Any CPU.ActiveCfg = Release|Any CPU
		{D713555C-DF52-4048-9B35-585829BD0F8A}.Release|Any CPU.Build.0 = Release|Any CPU
	EndGlobalSection
EndGlobal
